
Microsoft Visual Studio Solution File, Format Version 12.00
# Visual Studio Version 17
VisualStudioVersion = 17.13.35931.197 d17.13
MinimumVisualStudioVersion = 10.0.40219.1
Project("{FAE04EC0-301F-11D3-BF4B-00C04F79EFBC}") = "Personal-Reading-Tracker", "Personal-Reading-Tracker\Personal-Reading-Tracker.csproj", "{D39D9C16-7BD4-492A-8F9F-54C86D17F58F}"
EndProject
Global
	GlobalSection(SolutionConfigurationPlatforms) = preSolution
		Debug|Any CPU = Debug|Any CPU
		Release|Any CPU = Release|Any CPU
	EndGlobalSection
	GlobalSection(ProjectConfigurationPlatforms) = postSolution
		{D39D9C16-7BD4-492A-8F9F-54C86D17F58F}.Debug|Any CPU.ActiveCfg = Debug|Any CPU
		{D39D9C16-7BD4-492A-8F9F-54C86D17F58F}.Debug|Any CPU.Build.0 = Debug|Any CPU
		{D39D9C16-7BD4-492A-8F9F-54C86D17F58F}.Release|Any CPU.ActiveCfg = Release|Any CPU
		{D39D9C16-7BD4-492A-8F9F-54C86D17F58F}.Release|Any CPU.Build.0 = Release|Any CPU
	EndGlobalSection
	GlobalSection(SolutionProperties) = preSolution
		HideSolutionNode = FALSE
	EndGlobalSection
	GlobalSection(ExtensibilityGlobals) = postSolution
		SolutionGuid = {291AD7BB-1968-4A01-9288-C48207B436E7}
	EndGlobalSection
EndGlobal
